{
  "nodes": {
    "fatest": {
      "inputs": {
        "nixpkgs": [
          "nixpkgs"
        ]
      },
      "locked": {
        "lastModified": 1790540459,
        "narHash": "sha256-zxe2D/Hj//M3KGevhqETcQ9YnUQlCTnKU9jvDbj4yXs=",
        "owner": "ifatum",
        "repo": "FaTest",
        "rev": "ee8dd8d8e6b1b5e752b9f98a0bc4d6f3548c3b93",
        "type": "github"
      },
      "original": {
        "owner": "ifatum",
        "repo": "FaTest",
        "type": "github"
      }
    },
    "home-manager": {
      "inputs": {
        "nixpkgs": [
          "nixpkgs"
        ]
      },
      "locked": {
        "lastModified": 1791163078,
        "narHash": "sha256-DiuwfdoZtEqVRsWuAhXcHa+cfvkr0t/xWW8ugkcxNyI=",
        "owner": "nix-community",
        "repo": "home-manager",
        "rev": "f53f3267f5d009dd8f99443505e609389d7ff267",
        "type": "github"
      },
      "original": {
        "owner": "nix-community",
        "repo": "home-manager",
        "type": "github"
      }
    },
    "nixpkgs": {
      "locked": {
        "lastModified": 1791048980,
        "narHash": "sha256-KgItSKML8Xvte0B7/uGnBDsYzSnnKHcOaiUbgWBXLXw=",
        "owner": "nixos",
        "repo": "nixpkgs",
        "rev": "a7868a727837f3c09cee2ce0ca671c76b1589fed",
        "type": "github"
      },
      "original": {
        "owner": "nixos",
        "ref": "nixos-unstable",
        "repo": "nixpkgs",
        "type": "github"
      }
    },
    "nixpkgs-fonts": {
      "locked": {
        "lastModified": 1786106723,
        "narHash": "sha256-zDSUbpoeo/9ZmD2+wXnzxoo1+uhL8vxc0b8yuYMKYq0=",
        "owner": "nixos",
        "repo": "nixpkgs",
        "rev": "f13ff45afd1bb73e640eaa08a7066dbed07e3238",
        "type": "github"
      },
      "original": {
        "owner": "nixos",
        "repo": "nixpkgs",
        "rev": "f13ff45afd1bb73e640eaa08a7066dbed07e3238",
        "type": "github"
      }
    },
    "root": {
      "inputs": {
        "fatest": "fatest",
        "home-manager": "home-manager",
        "nixpkgs": "nixpkgs",
        "nixpkgs-fonts": "nixpkgs-fonts",
        "sylvaris": "sylvaris"
      }
    },
    "sylvaris": {
      "inputs": {
        "nixpkgs": [
          "nixpkgs"
        ]
      },
      "locked": {
        "lastModified": 1791129023,
        "narHash": "sha256-mhDY+P1ot93Wyy+oH0CkkvAePy5cNeZTUvyLpCgZwKU=",
        "owner": "ifatum",
        "repo": "Sylvaris",
        "rev": "0b88e379f0a9fad25bc009da23707ee8561c2c6e",
        "type": "github"
      },
      "original": {
        "owner": "ifatum",
        "repo": "Sylvaris",
        "type": "github"
      }
    }
  },
  "root": "root",
  "version": 7
}
