{
  "nodes": {
    "fatest": {
      "inputs": {
        "nixpkgs": [
          "nixpkgs"
        ]
      },
      "locked": {
        "lastModified": 1790540459,
        "narHash": "sha256-zxe2D/Hj//M3KGevhqETcQ9YnUQlCTnKU9jvDbj4yXs=",
        "owner": "ifatum",
        "repo": "FaTest",
        "rev": "ee8dd8d8e6b1b5e752b9f98a0bc4d6f3548c3b93",
        "type": "github"
      },
      "original": {
        "owner": "ifatum",
        "repo": "FaTest",
        "type": "github"
      }
    },
    "home-manager": {
      "inputs": {
        "nixpkgs": [
          "nixpkgs"
        ]
      },
      "locked": {
        "lastModified": 1791569574,
        "narHash": "sha256-5sViLmjhTCtBTvhjSXXvd5LDrAFMydFFKZQisjE8Vds=",
        "owner": "nix-community",
        "repo": "home-manager",
        "rev": "6b88c12cc6d234de4888f5d21076fb11199d0844",
        "type": "github"
      },
      "original": {
        "owner": "nix-community",
        "repo": "home-manager",
        "type": "github"
      }
    },
    "nixpkgs": {
      "locked": {
        "lastModified": 1791456040,
        "narHash": "sha256-H83yz/do+hjOO0uujHyH8RgtIQP2v7Mw+cLwcZK/xKc=",
        "owner": "nixos",
        "repo": "nixpkgs",
        "rev": "e7439b6b14ad3cc35d05608ebca9bce01a25f5f8",
        "type": "github"
      },
      "original": {
        "owner": "nixos",
        "ref": "nixos-unstable",
        "repo": "nixpkgs",
        "type": "github"
      }
    },
    "nixpkgs-fonts": {
      "locked": {
        "lastModified": 1786106723,
        "narHash": "sha256-zDSUbpoeo/9ZmD2+wXnzxoo1+uhL8vxc0b8yuYMKYq0=",
        "owner": "nixos",
        "repo": "nixpkgs",
        "rev": "f13ff45afd1bb73e640eaa08a7066dbed07e3238",
        "type": "github"
      },
      "original": {
        "owner": "nixos",
        "repo": "nixpkgs",
        "rev": "f13ff45afd1bb73e640eaa08a7066dbed07e3238",
        "type": "github"
      }
    },
    "root": {
      "inputs": {
        "fatest": "fatest",
        "home-manager": "home-manager",
        "nixpkgs": "nixpkgs",
        "nixpkgs-fonts": "nixpkgs-fonts",
        "sylvaris": "sylvaris",
        "vice": "vice"
      }
    },
    "sylvaris": {
      "inputs": {
        "nixpkgs": [
          "nixpkgs"
        ]
      },
      "locked": {
        "lastModified": 1791129023,
        "narHash": "sha256-mhDY+P1ot93Wyy+oH0CkkvAePy5cNeZTUvyLpCgZwKU=",
        "owner": "ifatum",
        "repo": "Sylvaris",
        "rev": "0b88e379f0a9fad25bc009da23707ee8561c2c6e",
        "type": "github"
      },
      "original": {
        "owner": "ifatum",
        "repo": "Sylvaris",
        "type": "github"
      }
    },
    "vice": {
      "inputs": {
        "nixpkgs": [
          "nixpkgs"
        ]
      },
      "locked": {
        "lastModified": 1791568989,
        "narHash": "sha256-xDhlMkvlb6KHXYnTaF/xBaC8AvLDJEC8ZGKEnI7Yl80=",
        "owner": "eklonofficial",
        "repo": "Vice",
        "rev": "83b5f75bf5140b66bad28427e153f87a7e2ee693",
        "type": "github"
      },
      "original": {
        "owner": "eklonofficial",
        "repo": "Vice",
        "type": "github"
      }
    }
  },
  "root": "root",
  "version": 7
}
